
Microsoft Visual Studio Solution File, Format Version 12.00
# Visual Studio Version 16
VisualStudioVersion = 16.0.29806.167
MinimumVisualStudioVersion = 10.0.40219.1
Project("{2150E333-8FDC-42A3-9474-1A3956D46DE8}") = "Common_Classes", "Common_Classes", "{1AEB6D12-7785-460F-9679-7F083007EE19}"
EndProject
Project("{FAE04EC0-301F-11D3-BF4B-00C04F79EFBC}") = "Sadr_Tools", "Sadr_Tools\Sadr_Tools.csproj", "{4844AF61-75A5-4B33-905B-9FE5F527F976}"
EndProject
Project("{2150E333-8FDC-42A3-9474-1A3956D46DE8}") = "Common_Controls", "Common_Controls", "{C30B14A2-1500-46FE-B104-A41E2F5D0BB6}"
EndProject
Project("{FAE04EC0-301F-11D3-BF4B-00C04F79EFBC}") = "StringTextBox", "Sadr_Custom_Controls\StringTextBox\StringTextBox.csproj", "{477502DB-A41A-44B8-8E0B-8CC64F46EA42}"
EndProject
Project("{FAE04EC0-301F-11D3-BF4B-00C04F79EFBC}") = "NumericTextBox", "Sadr_Custom_Controls\NumericTextBox\NumericTextBox.csproj", "{E48BA14E-6B17-405F-A3DB-395EEAD5F477}"
EndProject
Project("{FAE04EC0-301F-11D3-BF4B-00C04F79EFBC}") = "ParsiTextBox", "Sadr_Custom_Controls\ParsiTextBox\ParsiTextBox.csproj", "{3F8B7D0D-79D0-4941-88B1-F7022A495A31}"
EndProject
Project("{FAE04EC0-301F-11D3-BF4B-00C04F79EFBC}") = "EnumComboBox", "Sadr_Custom_Controls\EnumComboBox\EnumComboBox.csproj", "{686D2530-0271-4C06-AB8C-370B5F420AA4}"
EndProject
Project("{FAE04EC0-301F-11D3-BF4B-00C04F79EFBC}") = "GenericDataGrid", "Sadr_Custom_Controls\GenericDataGrid\GenericDataGrid.csproj", "{E7DF3A0A-3BAD-48BE-92CB-4B64A135DAB2}"
EndProject
Project("{FAE04EC0-301F-11D3-BF4B-00C04F79EFBC}") = "FamilyLoan2020.Models", "FamilyLoan2020.Models\FamilyLoan2020.Models.csproj", "{D14F5816-A2B5-4246-9473-690144127FBE}"
EndProject
Project("{FAE04EC0-301F-11D3-BF4B-00C04F79EFBC}") = "FamilyLoan2020.DAL", "FamilyLoan2020.DAL\FamilyLoan2020.DAL.csproj", "{252CEE0E-FDFA-4293-A476-8C06727942E9}"
EndProject
Project("{FAE04EC0-301F-11D3-BF4B-00C04F79EFBC}") = "FamilyLoan2020.UI", "FamilyLoan2020.UI\FamilyLoan2020.UI.csproj", "{BA62FD73-A527-4F65-8377-8563EF1315CA}"
EndProject
Project("{FAE04EC0-301F-11D3-BF4B-00C04F79EFBC}") = "CRUD_Buttons", "CRUD_Buttons\CRUD_Buttons.csproj", "{3D353123-E425-4671-BAD8-ADD209FE8C09}"
EndProject
Project("{FAE04EC0-301F-11D3-BF4B-00C04F79EFBC}") = "EnumListBox", "EnumListBox\EnumListBox.csproj", "{0A2E2BAC-E69B-40E4-B325-D4B10F06248C}"
EndProject
Project("{54435603-DBB4-11D2-8724-00A0C9A8B90C}") = "FamilyLoanApplication", "FamilyLoanApplication\FamilyLoanApplication.vdproj", "{DF793355-BCBC-41B4-B47A-3C8E9FC66FE6}"
EndProject
Global
	GlobalSection(SolutionConfigurationPlatforms) = preSolution
		Debug|Any CPU = Debug|Any CPU
		Release|Any CPU = Release|Any CPU
	EndGlobalSection
	GlobalSection(ProjectConfigurationPlatforms) = postSolution
		{4844AF61-75A5-4B33-905B-9FE5F527F976}.Debug|Any CPU.ActiveCfg = Debug|Any CPU
		{4844AF61-75A5-4B33-905B-9FE5F527F976}.Debug|Any CPU.Build.0 = Debug|Any CPU
		{4844AF61-75A5-4B33-905B-9FE5F527F976}.Release|Any CPU.ActiveCfg = Release|Any CPU
		{4844AF61-75A5-4B33-905B-9FE5F527F976}.Release|Any CPU.Build.0 = Release|Any CPU
		{477502DB-A41A-44B8-8E0B-8CC64F46EA42}.Debug|Any CPU.ActiveCfg = Debug|Any CPU
		{477502DB-A41A-44B8-8E0B-8CC64F46EA42}.Debug|Any CPU.Build.0 = Debug|Any CPU
		{477502DB-A41A-44B8-8E0B-8CC64F46EA42}.Release|Any CPU.ActiveCfg = Release|Any CPU
		{477502DB-A41A-44B8-8E0B-8CC64F46EA42}.Release|Any CPU.Build.0 = Release|Any CPU
		{E48BA14E-6B17-405F-A3DB-395EEAD5F477}.Debug|Any CPU.ActiveCfg = Debug|Any CPU
		{E48BA14E-6B17-405F-A3DB-395EEAD5F477}.Debug|Any CPU.Build.0 = Debug|Any CPU
		{E48BA14E-6B17-405F-A3DB-395EEAD5F477}.Release|Any CPU.ActiveCfg = Release|Any CPU
		{E48BA14E-6B17-405F-A3DB-395EEAD5F477}.Release|Any CPU.Build.0 = Release|Any CPU
		{3F8B7D0D-79D0-4941-88B1-F7022A495A31}.Debug|Any CPU.ActiveCfg = Debug|Any CPU
		{3F8B7D0D-79D0-4941-88B1-F7022A495A31}.Debug|Any CPU.Build.0 = Debug|Any CPU
		{3F8B7D0D-79D0-4941-88B1-F7022A495A31}.Release|Any CPU.ActiveCfg = Release|Any CPU
		{3F8B7D0D-79D0-4941-88B1-F7022A495A31}.Release|Any CPU.Build.0 = Release|Any CPU
		{686D2530-0271-4C06-AB8C-370B5F420AA4}.Debug|Any CPU.ActiveCfg = Debug|Any CPU
		{686D2530-0271-4C06-AB8C-370B5F420AA4}.Debug|Any CPU.Build.0 = Debug|Any CPU
		{686D2530-0271-4C06-AB8C-370B5F420AA4}.Release|Any CPU.ActiveCfg = Release|Any CPU
		{686D2530-0271-4C06-AB8C-370B5F420AA4}.Release|Any CPU.Build.0 = Release|Any CPU
		{E7DF3A0A-3BAD-48BE-92CB-4B64A135DAB2}.Debug|Any CPU.ActiveCfg = Debug|Any CPU
		{E7DF3A0A-3BAD-48BE-92CB-4B64A135DAB2}.Debug|Any CPU.Build.0 = Debug|Any CPU
		{E7DF3A0A-3BAD-48BE-92CB-4B64A135DAB2}.Release|Any CPU.ActiveCfg = Release|Any CPU
		{E7DF3A0A-3BAD-48BE-92CB-4B64A135DAB2}.Release|Any CPU.Build.0 = Release|Any CPU
		{D14F5816-A2B5-4246-9473-690144127FBE}.Debug|Any CPU.ActiveCfg = Debug|Any CPU
		{D14F5816-A2B5-4246-9473-690144127FBE}.Debug|Any CPU.Build.0 = Debug|Any CPU
		{D14F5816-A2B5-4246-9473-690144127FBE}.Release|Any CPU.ActiveCfg = Release|Any CPU
		{D14F5816-A2B5-4246-9473-690144127FBE}.Release|Any CPU.Build.0 = Release|Any CPU
		{252CEE0E-FDFA-4293-A476-8C06727942E9}.Debug|Any CPU.ActiveCfg = Debug|Any CPU
		{252CEE0E-FDFA-4293-A476-8C06727942E9}.Debug|Any CPU.Build.0 = Debug|Any CPU
		{252CEE0E-FDFA-4293-A476-8C06727942E9}.Release|Any CPU.ActiveCfg = Release|Any CPU
		{252CEE0E-FDFA-4293-A476-8C06727942E9}.Release|Any CPU.Build.0 = Release|Any CPU
		{BA62FD73-A527-4F65-8377-8563EF1315CA}.Debug|Any CPU.ActiveCfg = Debug|Any CPU
		{BA62FD73-A527-4F65-8377-8563EF1315CA}.Debug|Any CPU.Build.0 = Debug|Any CPU
		{BA62FD73-A527-4F65-8377-8563EF1315CA}.Release|Any CPU.ActiveCfg = Release|Any CPU
		{BA62FD73-A527-4F65-8377-8563EF1315CA}.Release|Any CPU.Build.0 = Release|Any CPU
		{3D353123-E425-4671-BAD8-ADD209FE8C09}.Debug|Any CPU.ActiveCfg = Debug|Any CPU
		{3D353123-E425-4671-BAD8-ADD209FE8C09}.Debug|Any CPU.Build.0 = Debug|Any CPU
		{3D353123-E425-4671-BAD8-ADD209FE8C09}.Release|Any CPU.ActiveCfg = Release|Any CPU
		{3D353123-E425-4671-BAD8-ADD209FE8C09}.Release|Any CPU.Build.0 = Release|Any CPU
		{0A2E2BAC-E69B-40E4-B325-D4B10F06248C}.Debug|Any CPU.ActiveCfg = Debug|Any CPU
		{0A2E2BAC-E69B-40E4-B325-D4B10F06248C}.Debug|Any CPU.Build.0 = Debug|Any CPU
		{0A2E2BAC-E69B-40E4-B325-D4B10F06248C}.Release|Any CPU.ActiveCfg = Release|Any CPU
		{0A2E2BAC-E69B-40E4-B325-D4B10F06248C}.Release|Any CPU.Build.0 = Release|Any CPU
		{DF793355-BCBC-41B4-B47A-3C8E9FC66FE6}.Debug|Any CPU.ActiveCfg = Debug
		{DF793355-BCBC-41B4-B47A-3C8E9FC66FE6}.Release|Any CPU.ActiveCfg = Release
	EndGlobalSection
	GlobalSection(SolutionProperties) = preSolution
		HideSolutionNode = FALSE
	EndGlobalSection
	GlobalSection(NestedProjects) = preSolution
		{4844AF61-75A5-4B33-905B-9FE5F527F976} = {1AEB6D12-7785-460F-9679-7F083007EE19}
		{477502DB-A41A-44B8-8E0B-8CC64F46EA42} = {C30B14A2-1500-46FE-B104-A41E2F5D0BB6}
		{E48BA14E-6B17-405F-A3DB-395EEAD5F477} = {C30B14A2-1500-46FE-B104-A41E2F5D0BB6}
		{3F8B7D0D-79D0-4941-88B1-F7022A495A31} = {C30B14A2-1500-46FE-B104-A41E2F5D0BB6}
		{686D2530-0271-4C06-AB8C-370B5F420AA4} = {C30B14A2-1500-46FE-B104-A41E2F5D0BB6}
		{E7DF3A0A-3BAD-48BE-92CB-4B64A135DAB2} = {C30B14A2-1500-46FE-B104-A41E2F5D0BB6}
		{3D353123-E425-4671-BAD8-ADD209FE8C09} = {C30B14A2-1500-46FE-B104-A41E2F5D0BB6}
		{0A2E2BAC-E69B-40E4-B325-D4B10F06248C} = {C30B14A2-1500-46FE-B104-A41E2F5D0BB6}
	EndGlobalSection
	GlobalSection(ExtensibilityGlobals) = postSolution
		SolutionGuid = {613CB085-AD4D-4502-A0A4-C6F8B2FE89A6}
	EndGlobalSection
EndGlobal
